
Microsoft Visual Studio Solution File, Format Version 12.00
# Visual Studio Version 17
VisualStudioVersion = 17.10.34928.147
MinimumVisualStudioVersion = 10.0.40219.1
Project("{FAE04EC0-301F-11D3-BF4B-00C04F79EFBC}") = "Blackjack_MonteCarlo", "Blackjack_MonteCarlo\Blackjack_MonteCarlo.csproj", "{5E2EE79E-D078-4D20-A685-0CDB66F9FBD7}"
EndProject
Global
	GlobalSection(SolutionConfigurationPlatforms) = preSolution
		Debug|Any CPU = Debug|Any CPU
		Release|Any CPU = Release|Any CPU
	EndGlobalSection
	GlobalSection(ProjectConfigurationPlatforms) = postSolution
		{5E2EE79E-D078-4D20-A685-0CDB66F9FBD7}.Debug|Any CPU.ActiveCfg = Debug|Any CPU
		{5E2EE79E-D078-4D20-A685-0CDB66F9FBD7}.Debug|Any CPU.Build.0 = Debug|Any CPU
		{5E2EE79E-D078-4D20-A685-0CDB66F9FBD7}.Release|Any CPU.ActiveCfg = Release|Any CPU
		{5E2EE79E-D078-4D20-A685-0CDB66F9FBD7}.Release|Any CPU.Build.0 = Release|Any CPU
	EndGlobalSection
	GlobalSection(SolutionProperties) = preSolution
		HideSolutionNode = FALSE
	EndGlobalSection
	GlobalSection(ExtensibilityGlobals) = postSolution
		SolutionGuid = {E0D26CA5-40AF-4D63-A619-DCC37C6917AE}
	EndGlobalSection
EndGlobal
